// !$*UTF8*$!
{
	archiveVersion = 1;
	classes = {
	};
	objectVersion = 56;
	objects = {

/* Begin PBXBuildFile section */
		33D9B8682C7B4D3E00EB1A13 /* AnalyticsApp.swift in Sources */ = {isa = PBXBuildFile; fileRef = 33D9B8672C7B4D3E00EB1A13 /* AnalyticsApp.swift */; };
		33D9B86A2C7B4D3E00EB1A13 /* ContentView.swift in Sources */ = {isa = PBXBuildFile; fileRef = 33D9B8692C7B4D3E00EB1A13 /* ContentView.swift */; };
		33D9B86C2C7B4D4000EB1A13 /* Assets.xcassets in Resources */ = {isa = PBXBuildFile; fileRef = 33D9B86B2C7B4D4000EB1A13 /* Assets.xcassets */; };
		33D9B86F2C7B4D4000EB1A13 /* Preview Assets.xcassets in Resources */ = {isa = PBXBuildFile; fileRef = 33D9B86E2C7B4D4000EB1A13 /* Preview Assets.xcassets */; };
/* End PBXBuildFile section */

/* Begin PBXFileReference section */
		13ABFBEE03EFF8D6DA3D11FD /* HomeFeature */ = {isa = PBXFileReference; lastKnownFileType = wrapper; path = HomeFeature; sourceTree = "<group>"; };
		33D9B8642C7B4D3E00EB1A13 /* AnalyticsSample.app */ = {isa = PBXFileReference; explicitFileType = wrapper.application; includeInIndex = 0; path = AnalyticsSample.app; sourceTree = BUILT_PRODUCTS_DIR; };
		33D9B8672C7B4D3E00EB1A13 /* AnalyticsApp.swift */ = {isa = PBXFileReference; lastKnownFileType = sourcecode.swift; path = AnalyticsApp.swift; sourceTree = "<group>"; };
		33D9B8692C7B4D3E00EB1A13 /* ContentView.swift */ = {isa = PBXFileReference; lastKnownFileType = sourcecode.swift; path = ContentView.swift; sourceTree = "<group>"; };
		33D9B86B2C7B4D4000EB1A13 /* Assets.xcassets */ = {isa = PBXFileReference; lastKnownFileType = folder.assetcatalog; path = Assets.xcassets; sourceTree = "<group>"; };
		33D9B86E2C7B4D4000EB1A13 /* Preview Assets.xcassets */ = {isa = PBXFileReference; lastKnownFileType = folder.assetcatalog; path = "Preview Assets.xcassets"; sourceTree = "<group>"; };
		46F3C16A65DA7BE93667031C /* FoodAnalyticsSupportContract */ = {isa = PBXFileReference; lastKnownFileType = wrapper; path = FoodAnalyticsSupportContract; sourceTree = "<group>"; };
		9EAEB9F265FDA7FE9CE0E30C /* InjectSupport */ = {isa = PBXFileReference; lastKnownFileType = wrapper; path = InjectSupport; sourceTree = "<group>"; };
		BBC2E5793CB586559DABD339 /* HomeFeatureContract */ = {isa = PBXFileReference; lastKnownFileType = wrapper; path = HomeFeatureContract; sourceTree = "<group>"; };
/* End PBXFileReference section */

/* Begin PBXFrameworksBuildPhase section */
		33D9B8612C7B4D3E00EB1A13 /* Frameworks */ = {
			isa = PBXFrameworksBuildPhase;
			buildActionMask = 2147483647;
			files = (
			);
			runOnlyForDeploymentPostprocessing = 0;
		};
/* End PBXFrameworksBuildPhase section */

/* Begin PBXGroup section */
		33D9B85B2C7B4D3E00EB1A13 = {
			isa = PBXGroup;
			children = (
				33D9B8752C7B503D00EB1A13 /* Modules */,
				33D9B8662C7B4D3E00EB1A13 /* AnalyticsSample */,
				33D9B8652C7B4D3E00EB1A13 /* Products */,
			);
			sourceTree = "<group>";
		};
		33D9B8652C7B4D3E00EB1A13 /* Products */ = {
			isa = PBXGroup;
			children = (
				33D9B8642C7B4D3E00EB1A13 /* AnalyticsSample.app */,
			);
			name = Products;
			sourceTree = "<group>";
		};
		33D9B8662C7B4D3E00EB1A13 /* AnalyticsSample */ = {
			isa = PBXGroup;
			children = (
				33D9B8672C7B4D3E00EB1A13 /* AnalyticsApp.swift */,
				33D9B8692C7B4D3E00EB1A13 /* ContentView.swift */,
				33D9B86B2C7B4D4000EB1A13 /* Assets.xcassets */,
				33D9B86D2C7B4D4000EB1A13 /* Preview Content */,
			);
			path = AnalyticsSample;
			sourceTree = "<group>";
		};
		33D9B86D2C7B4D4000EB1A13 /* Preview Content */ = {
			isa = PBXGroup;
			children = (
				33D9B86E2C7B4D4000EB1A13 /* Preview Assets.xcassets */,
			);
			path = "Preview Content";
			sourceTree = "<group>";
		};
		33D9B8752C7B503D00EB1A13 /* Modules */ = {
			isa = PBXGroup;
			children = (
				FFA341DF20A123798D6710B0 /* Contracts */,
				963867DB6F9FA7F621A3539F /* Features */,
				EB487280A2A12DAE6C46FB64 /* Supports */,
			);
			path = Modules;
			sourceTree = "<group>";
		};
		884FFDD551EE82B674BC1765 /* Supports */ = {
			isa = PBXGroup;
			children = (
				46F3C16A65DA7BE93667031C /* FoodAnalyticsSupportContract */,
			);
			path = Supports;
			sourceTree = "<group>";
		};
		963867DB6F9FA7F621A3539F /* Features */ = {
			isa = PBXGroup;
			children = (
				13ABFBEE03EFF8D6DA3D11FD /* HomeFeature */,
			);
			path = Features;
			sourceTree = "<group>";
		};
		D14B7A394534C0B75330B2E1 /* Features */ = {
			isa = PBXGroup;
			children = (
				BBC2E5793CB586559DABD339 /* HomeFeatureContract */,
			);
			path = Features;
			sourceTree = "<group>";
		};
		EB487280A2A12DAE6C46FB64 /* Supports */ = {
			isa = PBXGroup;
			children = (
				9EAEB9F265FDA7FE9CE0E30C /* InjectSupport */,
			);
			path = Supports;
			sourceTree = "<group>";
		};
		FFA341DF20A123798D6710B0 /* Contracts */ = {
			isa = PBXGroup;
			children = (
				D14B7A394534C0B75330B2E1 /* Features */,
				884FFDD551EE82B674BC1765 /* Supports */,
			);
			path = Contracts;
			sourceTree = "<group>";
		};
/* End PBXGroup section */

/* Begin PBXNativeTarget section */
		33D9B8632C7B4D3E00EB1A13 /* AnalyticsSample */ = {
			isa = PBXNativeTarget;
			buildConfigurationList = 33D9B8722C7B4D4000EB1A13 /* Build configuration list for PBXNativeTarget "AnalyticsSample" */;
			buildPhases = (
				33D9B8602C7B4D3E00EB1A13 /* Sources */,
				33D9B8612C7B4D3E00EB1A13 /* Frameworks */,
				33D9B8622C7B4D3E00EB1A13 /* Resources */,
			);
			buildRules = (
			);
			dependencies = (
			);
			name = AnalyticsSample;
			productName = MarvelPoc;
			productReference = 33D9B8642C7B4D3E00EB1A13 /* AnalyticsSample.app */;
			productType = "com.apple.product-type.application";
		};
/* End PBXNativeTarget section */

/* Begin PBXProject section */
		33D9B85C2C7B4D3E00EB1A13 /* Project object */ = {
			isa = PBXProject;
			attributes = {
				BuildIndependentTargetsInParallel = 1;
				LastSwiftUpdateCheck = 1540;
				LastUpgradeCheck = 1540;
				TargetAttributes = {
					33D9B8632C7B4D3E00EB1A13 = {
						CreatedOnToolsVersion = 15.4;
					};
				};
			};
			buildConfigurationList = 33D9B85F2C7B4D3E00EB1A13 /* Build configuration list for PBXProject "AnalyticsSample" */;
			compatibilityVersion = "Xcode 14.0";
			developmentRegion = en;
			hasScannedForEncodings = 0;
			knownRegions = (
				en,
				Base,
			);
			mainGroup = 33D9B85B2C7B4D3E00EB1A13;
			productRefGroup = 33D9B8652C7B4D3E00EB1A13 /* Products */;
			projectDirPath = "";
			projectRoot = "";
			targets = (
				33D9B8632C7B4D3E00EB1A13 /* AnalyticsSample */,
			);
		};
/* End PBXProject section */

/* Begin PBXResourcesBuildPhase section */
		33D9B8622C7B4D3E00EB1A13 /* Resources */ = {
			isa = PBXResourcesBuildPhase;
			buildActionMask = 2147483647;
			files = (
				33D9B86F2C7B4D4000EB1A13 /* Preview Assets.xcassets in Resources */,
				33D9B86C2C7B4D4000EB1A13 /* Assets.xcassets in Resources */,
			);
			runOnlyForDeploymentPostprocessing = 0;
		};
/* End PBXResourcesBuildPhase section */

/* Begin PBXSourcesBuildPhase section */
		33D9B8602C7B4D3E00EB1A13 /* Sources */ = {
			isa = PBXSourcesBuildPhase;
			buildActionMask = 2147483647;
			files = (
				33D9B86A2C7B4D3E00EB1A13 /* ContentView.swift in Sources */,
				33D9B8682C7B4D3E00EB1A13 /* AnalyticsApp.swift in Sources */,
			);
			runOnlyForDeploymentPostprocessing = 0;
		};
/* End PBXSourcesBuildPhase section */

/* Begin XCBuildConfiguration section */
		33D9B8702C7B4D4000EB1A13 /* Debug */ = {
			isa = XCBuildConfiguration;
			buildSettings = {
				ALWAYS_SEARCH_USER_PATHS = NO;
				ASSETCATALOG_COMPILER_GENERATE_SWIFT_ASSET_SYMBOL_EXTENSIONS = YES;
				CLANG_ANALYZER_NONNULL = YES;
				CLANG_ANALYZER_NUMBER_OBJECT_CONVERSION = YES_AGGRESSIVE;
				CLANG_CXX_LANGUAGE_STANDARD = "gnu++20";
				CLANG_ENABLE_MODULES = YES;
				CLANG_ENABLE_OBJC_ARC = YES;
				CLANG_ENABLE_OBJC_WEAK = YES;
				CLANG_WARN_BLOCK_CAPTURE_AUTORELEASING = YES;
				CLANG_WARN_BOOL_CONVERSION = YES;
				CLANG_WARN_COMMA = YES;
				CLANG_WARN_CONSTANT_CONVERSION = YES;
				CLANG_WARN_DEPRECATED_OBJC_IMPLEMENTATIONS = YES;
				CLANG_WARN_DIRECT_OBJC_ISA_USAGE = YES_ERROR;
				CLANG_WARN_DOCUMENTATION_COMMENTS = YES;
				CLANG_WARN_EMPTY_BODY = YES;
				CLANG_WARN_ENUM_CONVERSION = YES;
				CLANG_WARN_INFINITE_RECURSION = YES;
				CLANG_WARN_INT_CONVERSION = YES;
				CLANG_WARN_NON_LITERAL_NULL_CONVERSION = YES;
				CLANG_WARN_OBJC_IMPLICIT_RETAIN_SELF = YES;
				CLANG_WARN_OBJC_LITERAL_CONVERSION = YES;
				CLANG_WARN_OBJC_ROOT_CLASS = YES_ERROR;
				CLANG_WARN_QUOTED_INCLUDE_IN_FRAMEWORK_HEADER = YES;
				CLANG_WARN_RANGE_LOOP_ANALYSIS = YES;
				CLANG_WARN_STRICT_PROTOTYPES = YES;
				CLANG_WARN_SUSPICIOUS_MOVE = YES;
				CLANG_WARN_UNGUARDED_AVAILABILITY = YES_AGGRESSIVE;
				CLANG_WARN_UNREACHABLE_CODE = YES;
				CLANG_WARN__DUPLICATE_METHOD_MATCH = YES;
				COPY_PHASE_STRIP = NO;
				DEBUG_INFORMATION_FORMAT = dwarf;
				ENABLE_STRICT_OBJC_MSGSEND = YES;
				ENABLE_TESTABILITY = YES;
				ENABLE_USER_SCRIPT_SANDBOXING = YES;
				GCC_C_LANGUAGE_STANDARD = gnu17;
				GCC_DYNAMIC_NO_PIC = NO;
				GCC_NO_COMMON_BLOCKS = YES;
				GCC_OPTIMIZATION_LEVEL = 0;
				GCC_PREPROCESSOR_DEFINITIONS = (
					"DEBUG=1",
					"$(inherited)",
				);
				GCC_WARN_64_TO_32_BIT_CONVERSION = YES;
				GCC_WARN_ABOUT_RETURN_TYPE = YES_ERROR;
				GCC_WARN_UNDECLARED_SELECTOR = YES;
				GCC_WARN_UNINITIALIZED_AUTOS = YES_AGGRESSIVE;
				GCC_WARN_UNUSED_FUNCTION = YES;
				GCC_WARN_UNUSED_VARIABLE = YES;
				IPHONEOS_DEPLOYMENT_TARGET = 17.5;
				LOCALIZATION_PREFERS_STRING_CATALOGS = YES;
				MTL_ENABLE_DEBUG_INFO = INCLUDE_SOURCE;
				MTL_FAST_MATH = YES;
				ONLY_ACTIVE_ARCH = YES;
				SDKROOT = iphoneos;
				SWIFT_ACTIVE_COMPILATION_CONDITIONS = "DEBUG $(inherited)";
				SWIFT_OPTIMIZATION_LEVEL = "-Onone";
			};
			name = Debug;
		};
		33D9B8712C7B4D4000EB1A13 /* Release */ = {
			isa = XCBuildConfiguration;
			buildSettings = {
				ALWAYS_SEARCH_USER_PATHS = NO;
				ASSETCATALOG_COMPILER_GENERATE_SWIFT_ASSET_SYMBOL_EXTENSIONS = YES;
				CLANG_ANALYZER_NONNULL = YES;
				CLANG_ANALYZER_NUMBER_OBJECT_CONVERSION = YES_AGGRESSIVE;
				CLANG_CXX_LANGUAGE_STANDARD = "gnu++20";
				CLANG_ENABLE_MODULES = YES;
				CLANG_ENABLE_OBJC_ARC = YES;
				CLANG_ENABLE_OBJC_WEAK = YES;
				CLANG_WARN_BLOCK_CAPTURE_AUTORELEASING = YES;
				CLANG_WARN_BOOL_CONVERSION = YES;
				CLANG_WARN_COMMA = YES;
				CLANG_WARN_CONSTANT_CONVERSION = YES;
				CLANG_WARN_DEPRECATED_OBJC_IMPLEMENTATIONS = YES;
				CLANG_WARN_DIRECT_OBJC_ISA_USAGE = YES_ERROR;
				CLANG_WARN_DOCUMENTATION_COMMENTS = YES;
				CLANG_WARN_EMPTY_BODY = YES;
				CLANG_WARN_ENUM_CONVERSION = YES;
				CLANG_WARN_INFINITE_RECURSION = YES;
				CLANG_WARN_INT_CONVERSION = YES;
				CLANG_WARN_NON_LITERAL_NULL_CONVERSION = YES;
				CLANG_WARN_OBJC_IMPLICIT_RETAIN_SELF = YES;
				CLANG_WARN_OBJC_LITERAL_CONVERSION = YES;
				CLANG_WARN_OBJC_ROOT_CLASS = YES_ERROR;
				CLANG_WARN_QUOTED_INCLUDE_IN_FRAMEWORK_HEADER = YES;
				CLANG_WARN_RANGE_LOOP_ANALYSIS = YES;
				CLANG_WARN_STRICT_PROTOTYPES = YES;
				CLANG_WARN_SUSPICIOUS_MOVE = YES;
				CLANG_WARN_UNGUARDED_AVAILABILITY = YES_AGGRESSIVE;
				CLANG_WARN_UNREACHABLE_CODE = YES;
				CLANG_WARN__DUPLICATE_METHOD_MATCH = YES;
				COPY_PHASE_STRIP = NO;
				DEBUG_INFORMATION_FORMAT = "dwarf-with-dsym";
				ENABLE_NS_ASSERTIONS = NO;
				ENABLE_STRICT_OBJC_MSGSEND = YES;
				ENABLE_USER_SCRIPT_SANDBOXING = YES;
				GCC_C_LANGUAGE_STANDARD = gnu17;
				GCC_NO_COMMON_BLOCKS = YES;
				GCC_WARN_64_TO_32_BIT_CONVERSION = YES;
				GCC_WARN_ABOUT_RETURN_TYPE = YES_ERROR;
				GCC_WARN_UNDECLARED_SELECTOR = YES;
				GCC_WARN_UNINITIALIZED_AUTOS = YES_AGGRESSIVE;
				GCC_WARN_UNUSED_FUNCTION = YES;
				GCC_WARN_UNUSED_VARIABLE = YES;
				IPHONEOS_DEPLOYMENT_TARGET = 17.5;
				LOCALIZATION_PREFERS_STRING_CATALOGS = YES;
				MTL_ENABLE_DEBUG_INFO = NO;
				MTL_FAST_MATH = YES;
				SDKROOT = iphoneos;
				SWIFT_COMPILATION_MODE = wholemodule;
				VALIDATE_PRODUCT = YES;
			};
			name = Release;
		};
		33D9B8732C7B4D4000EB1A13 /* Debug */ = {
			isa = XCBuildConfiguration;
			buildSettings = {
				ASSETCATALOG_COMPILER_APPICON_NAME = AppIcon;
				ASSETCATALOG_COMPILER_GLOBAL_ACCENT_COLOR_NAME = AccentColor;
				CODE_SIGN_STYLE = Automatic;
				CURRENT_PROJECT_VERSION = 1;
				DEVELOPMENT_ASSET_PATHS = "\"AnalyticsSample/Preview Content\"";
				DEVELOPMENT_TEAM = FLT5KD33K6;
				ENABLE_PREVIEWS = YES;
				GENERATE_INFOPLIST_FILE = YES;
				INFOPLIST_KEY_UIApplicationSceneManifest_Generation = YES;
				INFOPLIST_KEY_UIApplicationSupportsIndirectInputEvents = YES;
				INFOPLIST_KEY_UILaunchScreen_Generation = YES;
				INFOPLIST_KEY_UISupportedInterfaceOrientations_iPad = "UIInterfaceOrientationPortrait UIInterfaceOrientationPortraitUpsideDown UIInterfaceOrientationLandscapeLeft UIInterfaceOrientationLandscapeRight";
				INFOPLIST_KEY_UISupportedInterfaceOrientations_iPhone = "UIInterfaceOrientationPortrait UIInterfaceOrientationLandscapeLeft UIInterfaceOrientationLandscapeRight";
				LD_RUNPATH_SEARCH_PATHS = (
					"$(inherited)",
					"@executable_path/Frameworks",
				);
				MARKETING_VERSION = 1.0;
				PRODUCT_BUNDLE_IDENTIFIER = dev.thiagosouto.AnalyticsSample;
				PRODUCT_NAME = "$(TARGET_NAME)";
				SWIFT_EMIT_LOC_STRINGS = YES;
				SWIFT_VERSION = 5.0;
				TARGETED_DEVICE_FAMILY = "1,2";
			};
			name = Debug;
		};
		33D9B8742C7B4D4000EB1A13 /* Release */ = {
			isa = XCBuildConfiguration;
			buildSettings = {
				ASSETCATALOG_COMPILER_APPICON_NAME = AppIcon;
				ASSETCATALOG_COMPILER_GLOBAL_ACCENT_COLOR_NAME = AccentColor;
				CODE_SIGN_STYLE = Automatic;
				CURRENT_PROJECT_VERSION = 1;
				DEVELOPMENT_ASSET_PATHS = "\"AnalyticsSample/Preview Content\"";
				DEVELOPMENT_TEAM = FLT5KD33K6;
				ENABLE_PREVIEWS = YES;
				GENERATE_INFOPLIST_FILE = YES;
				INFOPLIST_KEY_UIApplicationSceneManifest_Generation = YES;
				INFOPLIST_KEY_UIApplicationSupportsIndirectInputEvents = YES;
				INFOPLIST_KEY_UILaunchScreen_Generation = YES;
				INFOPLIST_KEY_UISupportedInterfaceOrientations_iPad = "UIInterfaceOrientationPortrait UIInterfaceOrientationPortraitUpsideDown UIInterfaceOrientationLandscapeLeft UIInterfaceOrientationLandscapeRight";
				INFOPLIST_KEY_UISupportedInterfaceOrientations_iPhone = "UIInterfaceOrientationPortrait UIInterfaceOrientationLandscapeLeft UIInterfaceOrientationLandscapeRight";
				LD_RUNPATH_SEARCH_PATHS = (
					"$(inherited)",
					"@executable_path/Frameworks",
				);
				MARKETING_VERSION = 1.0;
				PRODUCT_BUNDLE_IDENTIFIER = dev.thiagosouto.AnalyticsSample;
				PRODUCT_NAME = "$(TARGET_NAME)";
				SWIFT_EMIT_LOC_STRINGS = YES;
				SWIFT_VERSION = 5.0;
				TARGETED_DEVICE_FAMILY = "1,2";
			};
			name = Release;
		};
/* End XCBuildConfiguration section */

/* Begin XCConfigurationList section */
		33D9B85F2C7B4D3E00EB1A13 /* Build configuration list for PBXProject "AnalyticsSample" */ = {
			isa = XCConfigurationList;
			buildConfigurations = (
				33D9B8702C7B4D4000EB1A13 /* Debug */,
				33D9B8712C7B4D4000EB1A13 /* Release */,
			);
			defaultConfigurationIsVisible = 0;
			defaultConfigurationName = Release;
		};
		33D9B8722C7B4D4000EB1A13 /* Build configuration list for PBXNativeTarget "AnalyticsSample" */ = {
			isa = XCConfigurationList;
			buildConfigurations = (
				33D9B8732C7B4D4000EB1A13 /* Debug */,
				33D9B8742C7B4D4000EB1A13 /* Release */,
			);
			defaultConfigurationIsVisible = 0;
			defaultConfigurationName = Release;
		};
/* End XCConfigurationList section */
	};
	rootObject = 33D9B85C2C7B4D3E00EB1A13 /* Project object */;
}
